
Microsoft Visual Studio Solution File, Format Version 12.00
# Visual Studio Version 17
VisualStudioVersion = 17.6.33829.357
MinimumVisualStudioVersion = 10.0.40219.1
Project("{FAE04EC0-301F-11D3-BF4B-00C04F79EFBC}") = "LockedDoor", "LockedDoor.csproj", "{B15861BA-81CF-4630-A37C-CFDED7041EF5}"
EndProject
Global
	GlobalSection(SolutionConfigurationPlatforms) = preSolution
		Debug|Any CPU = Debug|Any CPU
		Release|Any CPU = Release|Any CPU
	EndGlobalSection
	GlobalSection(ProjectConfigurationPlatforms) = postSolution
		{B15861BA-81CF-4630-A37C-CFDED7041EF5}.Debug|Any CPU.ActiveCfg = Debug|Any CPU
		{B15861BA-81CF-4630-A37C-CFDED7041EF5}.Debug|Any CPU.Build.0 = Debug|Any CPU
		{B15861BA-81CF-4630-A37C-CFDED7041EF5}.Release|Any CPU.ActiveCfg = Release|Any CPU
		{B15861BA-81CF-4630-A37C-CFDED7041EF5}.Release|Any CPU.Build.0 = Release|Any CPU
	EndGlobalSection
	GlobalSection(SolutionProperties) = preSolution
		HideSolutionNode = FALSE
	EndGlobalSection
	GlobalSection(ExtensibilityGlobals) = postSolution
		SolutionGuid = {D9FF265E-0E50-4EF7-9A22-2BCB9E2B1B95}
	EndGlobalSection
EndGlobal
