
Microsoft Visual Studio Solution File, Format Version 12.00
# Visual Studio Version 17
VisualStudioVersion = 17.6.33829.357
MinimumVisualStudioVersion = 10.0.40219.1
Project("{FAE04EC0-301F-11D3-BF4B-00C04F79EFBC}") = "KingdomWorthCalculator", "KingdomWorthCalculator.csproj", "{ADADB24A-0610-427A-A2B8-34A2F96A046D}"
EndProject
Global
	GlobalSection(SolutionConfigurationPlatforms) = preSolution
		Debug|Any CPU = Debug|Any CPU
		Release|Any CPU = Release|Any CPU
	EndGlobalSection
	GlobalSection(ProjectConfigurationPlatforms) = postSolution
		{ADADB24A-0610-427A-A2B8-34A2F96A046D}.Debug|Any CPU.ActiveCfg = Debug|Any CPU
		{ADADB24A-0610-427A-A2B8-34A2F96A046D}.Debug|Any CPU.Build.0 = Debug|Any CPU
		{ADADB24A-0610-427A-A2B8-34A2F96A046D}.Release|Any CPU.ActiveCfg = Release|Any CPU
		{ADADB24A-0610-427A-A2B8-34A2F96A046D}.Release|Any CPU.Build.0 = Release|Any CPU
	EndGlobalSection
	GlobalSection(SolutionProperties) = preSolution
		HideSolutionNode = FALSE
	EndGlobalSection
	GlobalSection(ExtensibilityGlobals) = postSolution
		SolutionGuid = {2817DA10-F03C-431B-8DC9-7CA7869099F1}
	EndGlobalSection
EndGlobal
