
Microsoft Visual Studio Solution File, Format Version 12.00
# Visual Studio Version 17
VisualStudioVersion = 17.6.33829.357
MinimumVisualStudioVersion = 10.0.40219.1
Project("{FAE04EC0-301F-11D3-BF4B-00C04F79EFBC}") = "ChocolateEggs", "ChocolateEggs.csproj", "{4DCD6DFC-BBDF-4E59-B1B3-2A7D8820C637}"
EndProject
Global
	GlobalSection(SolutionConfigurationPlatforms) = preSolution
		Debug|Any CPU = Debug|Any CPU
		Release|Any CPU = Release|Any CPU
	EndGlobalSection
	GlobalSection(ProjectConfigurationPlatforms) = postSolution
		{4DCD6DFC-BBDF-4E59-B1B3-2A7D8820C637}.Debug|Any CPU.ActiveCfg = Debug|Any CPU
		{4DCD6DFC-BBDF-4E59-B1B3-2A7D8820C637}.Debug|Any CPU.Build.0 = Debug|Any CPU
		{4DCD6DFC-BBDF-4E59-B1B3-2A7D8820C637}.Release|Any CPU.ActiveCfg = Release|Any CPU
		{4DCD6DFC-BBDF-4E59-B1B3-2A7D8820C637}.Release|Any CPU.Build.0 = Release|Any CPU
	EndGlobalSection
	GlobalSection(SolutionProperties) = preSolution
		HideSolutionNode = FALSE
	EndGlobalSection
	GlobalSection(ExtensibilityGlobals) = postSolution
		SolutionGuid = {B6C0E186-27B3-490D-A9D6-1AD1EA5A8B8E}
	EndGlobalSection
EndGlobal
