
Microsoft Visual Studio Solution File, Format Version 12.00
# Visual Studio Version 17
VisualStudioVersion = 17.7.34003.232
MinimumVisualStudioVersion = 10.0.40219.1
Project("{FAE04EC0-301F-11D3-BF4B-00C04F79EFBC}") = "Robot", "Robot.csproj", "{D63F0D90-7225-4D77-B89C-8FE086B60998}"
EndProject
Global
	GlobalSection(SolutionConfigurationPlatforms) = preSolution
		Debug|Any CPU = Debug|Any CPU
		Release|Any CPU = Release|Any CPU
	EndGlobalSection
	GlobalSection(ProjectConfigurationPlatforms) = postSolution
		{D63F0D90-7225-4D77-B89C-8FE086B60998}.Debug|Any CPU.ActiveCfg = Debug|Any CPU
		{D63F0D90-7225-4D77-B89C-8FE086B60998}.Debug|Any CPU.Build.0 = Debug|Any CPU
		{D63F0D90-7225-4D77-B89C-8FE086B60998}.Release|Any CPU.ActiveCfg = Release|Any CPU
		{D63F0D90-7225-4D77-B89C-8FE086B60998}.Release|Any CPU.Build.0 = Release|Any CPU
	EndGlobalSection
	GlobalSection(SolutionProperties) = preSolution
		HideSolutionNode = FALSE
	EndGlobalSection
	GlobalSection(ExtensibilityGlobals) = postSolution
		SolutionGuid = {6C8BF05D-7AAF-44DB-B6EC-A83FC19E2AEE}
	EndGlobalSection
EndGlobal
