
Microsoft Visual Studio Solution File, Format Version 12.00
# Visual Studio Version 17
VisualStudioVersion = 17.7.34003.232
MinimumVisualStudioVersion = 10.0.40219.1
Project("{FAE04EC0-301F-11D3-BF4B-00C04F79EFBC}") = "PasswordValidator", "PasswordValidator.csproj", "{58DABD3E-02F0-4B54-A982-FE2DCB552343}"
EndProject
Global
	GlobalSection(SolutionConfigurationPlatforms) = preSolution
		Debug|Any CPU = Debug|Any CPU
		Release|Any CPU = Release|Any CPU
	EndGlobalSection
	GlobalSection(ProjectConfigurationPlatforms) = postSolution
		{58DABD3E-02F0-4B54-A982-FE2DCB552343}.Debug|Any CPU.ActiveCfg = Debug|Any CPU
		{58DABD3E-02F0-4B54-A982-FE2DCB552343}.Debug|Any CPU.Build.0 = Debug|Any CPU
		{58DABD3E-02F0-4B54-A982-FE2DCB552343}.Release|Any CPU.ActiveCfg = Release|Any CPU
		{58DABD3E-02F0-4B54-A982-FE2DCB552343}.Release|Any CPU.Build.0 = Release|Any CPU
	EndGlobalSection
	GlobalSection(SolutionProperties) = preSolution
		HideSolutionNode = FALSE
	EndGlobalSection
	GlobalSection(ExtensibilityGlobals) = postSolution
		SolutionGuid = {7212C96E-B26E-4128-8DE6-1CD14A738FA1}
	EndGlobalSection
EndGlobal
