
Microsoft Visual Studio Solution File, Format Version 12.00
# Visual Studio Version 17
VisualStudioVersion = 17.6.33829.357
MinimumVisualStudioVersion = 10.0.40219.1
Project("{FAE04EC0-301F-11D3-BF4B-00C04F79EFBC}") = "Recursion", "Recursion.csproj", "{AC176105-084B-4A19-8F21-3BD167318CDC}"
EndProject
Global
	GlobalSection(SolutionConfigurationPlatforms) = preSolution
		Debug|Any CPU = Debug|Any CPU
		Release|Any CPU = Release|Any CPU
	EndGlobalSection
	GlobalSection(ProjectConfigurationPlatforms) = postSolution
		{AC176105-084B-4A19-8F21-3BD167318CDC}.Debug|Any CPU.ActiveCfg = Debug|Any CPU
		{AC176105-084B-4A19-8F21-3BD167318CDC}.Debug|Any CPU.Build.0 = Debug|Any CPU
		{AC176105-084B-4A19-8F21-3BD167318CDC}.Release|Any CPU.ActiveCfg = Release|Any CPU
		{AC176105-084B-4A19-8F21-3BD167318CDC}.Release|Any CPU.Build.0 = Release|Any CPU
	EndGlobalSection
	GlobalSection(SolutionProperties) = preSolution
		HideSolutionNode = FALSE
	EndGlobalSection
	GlobalSection(ExtensibilityGlobals) = postSolution
		SolutionGuid = {D56C0A6A-00AB-43B6-BF66-094580E0F947}
	EndGlobalSection
EndGlobal
