
Microsoft Visual Studio Solution File, Format Version 12.00
# Visual Studio Version 17
VisualStudioVersion = 17.6.33829.357
MinimumVisualStudioVersion = 10.0.40219.1
Project("{FAE04EC0-301F-11D3-BF4B-00C04F79EFBC}") = "AskForNumber", "AskForNumber.csproj", "{60C28D9E-1321-4EBE-9F71-D76EA9DC53B6}"
EndProject
Global
	GlobalSection(SolutionConfigurationPlatforms) = preSolution
		Debug|Any CPU = Debug|Any CPU
		Release|Any CPU = Release|Any CPU
	EndGlobalSection
	GlobalSection(ProjectConfigurationPlatforms) = postSolution
		{60C28D9E-1321-4EBE-9F71-D76EA9DC53B6}.Debug|Any CPU.ActiveCfg = Debug|Any CPU
		{60C28D9E-1321-4EBE-9F71-D76EA9DC53B6}.Debug|Any CPU.Build.0 = Debug|Any CPU
		{60C28D9E-1321-4EBE-9F71-D76EA9DC53B6}.Release|Any CPU.ActiveCfg = Release|Any CPU
		{60C28D9E-1321-4EBE-9F71-D76EA9DC53B6}.Release|Any CPU.Build.0 = Release|Any CPU
	EndGlobalSection
	GlobalSection(SolutionProperties) = preSolution
		HideSolutionNode = FALSE
	EndGlobalSection
	GlobalSection(ExtensibilityGlobals) = postSolution
		SolutionGuid = {7932616E-29FC-4228-9574-AF1A2CE9A7E7}
	EndGlobalSection
EndGlobal
